
Microsoft Visual Studio Solution File, Format Version 12.00
# Visual Studio Version 17
VisualStudioVersion = 17.5.002.0
MinimumVisualStudioVersion = 10.0.40219.1
Project("{9A19103F-16F7-4668-BE54-9A1E7A4F7556}") = "B50Api", "B50Api.csproj", "{EBD670DB-AEBF-4948-A203-79FDBD59B329}"
EndProject
Project("{9A19103F-16F7-4668-BE54-9A1E7A4F7556}") = "ImageGenerator", "..\ImageGenerate\ImageGenerator.csproj", "{52BF8C62-D253-4CA1-B565-184B9C491A49}"
EndProject
Project("{9A19103F-16F7-4668-BE54-9A1E7A4F7556}") = "MaimaiBasic", "..\MaimaiBasic\MaimaiBasic.csproj", "{FB108BBE-8EEB-4425-B409-22D3E576CDEB}"
EndProject
Global
	GlobalSection(SolutionConfigurationPlatforms) = preSolution
		Debug|Any CPU = Debug|Any CPU
		Release|Any CPU = Release|Any CPU
	EndGlobalSection
	GlobalSection(ProjectConfigurationPlatforms) = postSolution
		{EBD670DB-AEBF-4948-A203-79FDBD59B329}.Debug|Any CPU.ActiveCfg = Debug|Any CPU
		{EBD670DB-AEBF-4948-A203-79FDBD59B329}.Debug|Any CPU.Build.0 = Debug|Any CPU
		{EBD670DB-AEBF-4948-A203-79FDBD59B329}.Release|Any CPU.ActiveCfg = Release|Any CPU
		{EBD670DB-AEBF-4948-A203-79FDBD59B329}.Release|Any CPU.Build.0 = Release|Any CPU
		{52BF8C62-D253-4CA1-B565-184B9C491A49}.Debug|Any CPU.ActiveCfg = Debug|Any CPU
		{52BF8C62-D253-4CA1-B565-184B9C491A49}.Debug|Any CPU.Build.0 = Debug|Any CPU
		{52BF8C62-D253-4CA1-B565-184B9C491A49}.Release|Any CPU.ActiveCfg = Release|Any CPU
		{52BF8C62-D253-4CA1-B565-184B9C491A49}.Release|Any CPU.Build.0 = Release|Any CPU
		{FB108BBE-8EEB-4425-B409-22D3E576CDEB}.Debug|Any CPU.ActiveCfg = Debug|Any CPU
		{FB108BBE-8EEB-4425-B409-22D3E576CDEB}.Debug|Any CPU.Build.0 = Debug|Any CPU
		{FB108BBE-8EEB-4425-B409-22D3E576CDEB}.Release|Any CPU.ActiveCfg = Release|Any CPU
		{FB108BBE-8EEB-4425-B409-22D3E576CDEB}.Release|Any CPU.Build.0 = Release|Any CPU
	EndGlobalSection
	GlobalSection(SolutionProperties) = preSolution
		HideSolutionNode = FALSE
	EndGlobalSection
	GlobalSection(ExtensibilityGlobals) = postSolution
		SolutionGuid = {6B2D36D5-9248-4C57-8627-44D99EDB15B2}
	EndGlobalSection
EndGlobal
